<?xml version="1.0" encoding="utf-8"?>
<Project ToolsVersion="4.0" xmlns="http://schemas.microsoft.com/developer/msbuild/2003">
  <ItemGroup>
    <Filter Include="Resource Files">
      <UniqueIdentifier>{67DA6AB6-F800-4c08-8B7A-83BB121AAD01}</UniqueIdentifier>
      <Extensions>rc;ico;cur;bmp;dlg;rc2;rct;bin;rgs;gif;jpg;jpeg;jpe;resx;tiff;tif;png;wav</Extensions>
    </Filter>
    <Filter Include="src">
      <UniqueIdentifier>{b1576efe-51dc-429a-99f5-22aa66fab71e}</UniqueIdentifier>
    </Filter>
    <Filter Include="src\limix">
      <UniqueIdentifier>{9bcc6406-63b5-49a8-a6d2-420f804d6560}</UniqueIdentifier>
    </Filter>
    <Filter Include="src\limix\mean">
      <UniqueIdentifier>{fe9ff3f6-106a-4409-b83d-b22a88348aba}</UniqueIdentifier>
    </Filter>
    <Filter Include="src\limix\LMM">
      <UniqueIdentifier>{fa15d95d-8d9a-41f0-967c-f278e0b1bb34}</UniqueIdentifier>
    </Filter>
    <Filter Include="src\limix\gp">
      <UniqueIdentifier>{770ceb89-3fc2-4e94-8ca6-69c6a72784ed}</UniqueIdentifier>
    </Filter>
    <Filter Include="src\limix\modules">
      <UniqueIdentifier>{db2763aa-98de-453d-be1f-9a82566f3afd}</UniqueIdentifier>
    </Filter>
    <Filter Include="src\limix\utils">
      <UniqueIdentifier>{552ae7f2-92b7-4518-a080-d16a8b4a954a}</UniqueIdentifier>
    </Filter>
    <Filter Include="src\limix\likelihood">
      <UniqueIdentifier>{17ed219d-546e-4adb-b768-f6197159c869}</UniqueIdentifier>
    </Filter>
    <Filter Include="src\limix\io">
      <UniqueIdentifier>{20cbfdab-4990-491d-88f7-e5219fcb700e}</UniqueIdentifier>
    </Filter>
    <Filter Include="src\limix\io\vcf">
      <UniqueIdentifier>{c80e31a1-626d-42be-9916-909d0d023619}</UniqueIdentifier>
    </Filter>
    <Filter Include="src\limix\io\vcf\multichoose">
      <UniqueIdentifier>{bf955187-aaec-4617-9583-a00bfd7ec9e7}</UniqueIdentifier>
    </Filter>
    <Filter Include="src\limix\io\vcf\smithwaterman">
      <UniqueIdentifier>{aaa527fc-1cb8-40de-9230-f7fe03b859a3}</UniqueIdentifier>
    </Filter>
    <Filter Include="src\limix\io\vcf\tabixpp">
      <UniqueIdentifier>{80ef43ed-d9c1-41d6-85a0-59af8a2926f5}</UniqueIdentifier>
    </Filter>
    <Filter Include="src\limix\lasso">
      <UniqueIdentifier>{a8488994-ce99-44ef-ad78-aa38ded4153d}</UniqueIdentifier>
    </Filter>
    <Filter Include="src\limix\covar">
      <UniqueIdentifier>{5260f52a-a159-49aa-a39a-507fd2560293}</UniqueIdentifier>
    </Filter>
    <Filter Include="src\testing">
      <UniqueIdentifier>{8a3ff3be-9970-41ce-b600-076de4979d4f}</UniqueIdentifier>
    </Filter>
    <Filter Include="src\interfaces">
      <UniqueIdentifier>{0fc8927e-4800-4b59-834d-d8dea0424814}</UniqueIdentifier>
    </Filter>
    <Filter Include="src\interfaces\R">
      <UniqueIdentifier>{dc9a7f14-ec64-4168-a89a-097391deb27e}</UniqueIdentifier>
    </Filter>
    <Filter Include="src\interfaces\java">
      <UniqueIdentifier>{0b8286ec-2628-4459-b75d-8ba0e176dbc1}</UniqueIdentifier>
    </Filter>
    <Filter Include="src\interfaces\python">
      <UniqueIdentifier>{68aa4f5c-516d-42d3-a236-f86e341f41c3}</UniqueIdentifier>
    </Filter>
    <Filter Include="src\interfaces\python\limix">
      <UniqueIdentifier>{ec762cf1-c87b-4a8b-b8a1-c786a9999bae}</UniqueIdentifier>
    </Filter>
    <Filter Include="src\interfaces\python\limix\utils">
      <UniqueIdentifier>{009bf47c-18d4-4268-921f-8fa00271a2c6}</UniqueIdentifier>
    </Filter>
    <Filter Include="src\interfaces\python\limix\modules">
      <UniqueIdentifier>{9ca5b74e-d980-483b-af61-9f65bcfed769}</UniqueIdentifier>
    </Filter>
    <Filter Include="site_scons">
      <UniqueIdentifier>{13872e0a-d1bf-47a2-abe5-80b4fb371fd1}</UniqueIdentifier>
    </Filter>
    <Filter Include="site_scons\site_tools">
      <UniqueIdentifier>{957b5f1d-18f8-4d58-a234-1a0f2b3d44ac}</UniqueIdentifier>
    </Filter>
    <Filter Include="site_scons\site_tools\doxygen">
      <UniqueIdentifier>{6dbbb0fe-a6e1-41b1-905b-df424aa5d3b9}</UniqueIdentifier>
    </Filter>
    <Filter Include="python">
      <UniqueIdentifier>{901efa55-395f-4285-b89d-964c4d7022b9}</UniqueIdentifier>
    </Filter>
    <Filter Include="python\testing">
      <UniqueIdentifier>{3b39da74-7bbf-4a47-b75c-97b66296cacd}</UniqueIdentifier>
    </Filter>
    <Filter Include="python\gp">
      <UniqueIdentifier>{3b07c4fc-6b6d-4772-a191-0b62e11465c1}</UniqueIdentifier>
    </Filter>
    <Filter Include="python\demo">
      <UniqueIdentifier>{899a3312-2eb0-4366-bb6a-b03512b5b403}</UniqueIdentifier>
    </Filter>
    <Filter Include="python\testing\data">
      <UniqueIdentifier>{a93f8017-b625-4a09-888b-a26b272de5d6}</UniqueIdentifier>
    </Filter>
    <Filter Include="python\demo\data">
      <UniqueIdentifier>{1b2c9640-5076-496c-a8ed-9b1850cd6913}</UniqueIdentifier>
    </Filter>
    <Filter Include="src\limix\io\plink">
      <UniqueIdentifier>{a3fd334d-9612-4208-aeba-ecf04b611118}</UniqueIdentifier>
    </Filter>
  </ItemGroup>
  <ItemGroup>
    <ClCompile Include="src\limix\mean\ADataTerm.cpp">
      <Filter>src\limix\mean</Filter>
    </ClCompile>
    <ClCompile Include="src\limix\mean\CData.cpp">
      <Filter>src\limix\mean</Filter>
    </ClCompile>
    <ClCompile Include="src\limix\mean\CKroneckerMean.cpp">
      <Filter>src\limix\mean</Filter>
    </ClCompile>
    <ClCompile Include="src\limix\mean\CLinearMean.cpp">
      <Filter>src\limix\mean</Filter>
    </ClCompile>
    <ClCompile Include="src\limix\mean\CSumLinear.cpp">
      <Filter>src\limix\mean</Filter>
    </ClCompile>
    <ClCompile Include="src\limix\lmm\CGPLMM.cpp">
      <Filter>src\limix\LMM</Filter>
    </ClCompile>
    <ClCompile Include="src\limix\lmm\kronecker_lmm.cpp">
      <Filter>src\limix\LMM</Filter>
    </ClCompile>
    <ClCompile Include="src\limix\lmm\lmm.cpp">
      <Filter>src\limix\LMM</Filter>
    </ClCompile>
    <ClCompile Include="src\limix\lmm\lmm_old.cpp">
      <Filter>src\limix\LMM</Filter>
    </ClCompile>
    <ClCompile Include="src\limix\lasso\lasso.cpp">
      <Filter>src\limix\lasso</Filter>
    </ClCompile>
    <ClCompile Include="src\limix\io\vcf\smithwaterman\SmithWatermanGotoh.cpp">
      <Filter>src\limix\io\vcf\smithwaterman</Filter>
    </ClCompile>
    <ClCompile Include="src\limix\io\vcf\smithwaterman\Repeats.cpp">
      <Filter>src\limix\io\vcf\smithwaterman</Filter>
    </ClCompile>
    <ClCompile Include="src\limix\io\vcf\smithwaterman\LeftAlign.cpp">
      <Filter>src\limix\io\vcf\smithwaterman</Filter>
    </ClCompile>
    <ClCompile Include="src\limix\io\vcf\smithwaterman\IndelAllele.cpp">
      <Filter>src\limix\io\vcf\smithwaterman</Filter>
    </ClCompile>
    <ClCompile Include="src\limix\io\vcf\smithwaterman\disorder.cpp">
      <Filter>src\limix\io\vcf\smithwaterman</Filter>
    </ClCompile>
    <ClCompile Include="src\limix\io\vcf\smithwaterman\BandedSmithWaterman.cpp">
      <Filter>src\limix\io\vcf\smithwaterman</Filter>
    </ClCompile>
    <ClCompile Include="src\limix\io\vcf\tabixpp\bedidx.c">
      <Filter>src\limix\io\vcf\tabixpp</Filter>
    </ClCompile>
    <ClCompile Include="src\limix\io\vcf\tabixpp\bgzf.c">
      <Filter>src\limix\io\vcf\tabixpp</Filter>
    </ClCompile>
    <ClCompile Include="src\limix\io\vcf\tabixpp\index.c">
      <Filter>src\limix\io\vcf\tabixpp</Filter>
    </ClCompile>
    <ClCompile Include="src\limix\io\vcf\tabixpp\knetfile.c">
      <Filter>src\limix\io\vcf\tabixpp</Filter>
    </ClCompile>
    <ClCompile Include="src\limix\io\vcf\tabixpp\kstring.c">
      <Filter>src\limix\io\vcf\tabixpp</Filter>
    </ClCompile>
    <ClCompile Include="src\limix\io\vcf\tabixpp\tabix.cpp">
      <Filter>src\limix\io\vcf\tabixpp</Filter>
    </ClCompile>
    <ClCompile Include="src\limix\io\vcf\Variant.cpp">
      <Filter>src\limix\io\vcf</Filter>
    </ClCompile>
    <ClCompile Include="src\limix\utils\beta.cpp">
      <Filter>src\limix\utils</Filter>
    </ClCompile>
    <ClCompile Include="src\limix\utils\brentc.cpp">
      <Filter>src\limix\utils</Filter>
    </ClCompile>
    <ClCompile Include="src\limix\utils\fisherf.cpp">
      <Filter>src\limix\utils</Filter>
    </ClCompile>
    <ClCompile Include="src\limix\utils\gamma.cpp">
      <Filter>src\limix\utils</Filter>
    </ClCompile>
    <ClCompile Include="src\limix\utils\logging.cpp">
      <Filter>src\limix\utils</Filter>
    </ClCompile>
    <ClCompile Include="src\limix\utils\mathfunctions.cpp">
      <Filter>src\limix\utils</Filter>
    </ClCompile>
    <ClCompile Include="src\limix\utils\matrix_helper.cpp">
      <Filter>src\limix\utils</Filter>
    </ClCompile>
    <ClCompile Include="src\limix\modules\CVarianceDecomposition.cpp">
      <Filter>src\limix\modules</Filter>
    </ClCompile>
    <ClCompile Include="src\limix\modules\CVqtl.cpp">
      <Filter>src\limix\modules</Filter>
    </ClCompile>
    <ClCompile Include="src\limix\covar\combinators.cpp">
      <Filter>src\limix\covar</Filter>
    </ClCompile>
    <ClCompile Include="src\limix\covar\covariance.cpp">
      <Filter>src\limix\covar</Filter>
    </ClCompile>
    <ClCompile Include="src\limix\covar\dist.cpp">
      <Filter>src\limix\covar</Filter>
    </ClCompile>
    <ClCompile Include="src\limix\covar\freeform.cpp">
      <Filter>src\limix\covar</Filter>
    </ClCompile>
    <ClCompile Include="src\limix\covar\linear.cpp">
      <Filter>src\limix\covar</Filter>
    </ClCompile>
    <ClCompile Include="src\limix\covar\se.cpp">
      <Filter>src\limix\covar</Filter>
    </ClCompile>
    <ClCompile Include="src\limix\gp\gp_kronecker.cpp">
      <Filter>src\limix\gp</Filter>
    </ClCompile>
    <ClCompile Include="src\limix\gp\gp_base.cpp">
      <Filter>src\limix\gp</Filter>
    </ClCompile>
    <ClCompile Include="src\limix\gp\gp_kronSum.cpp">
      <Filter>src\limix\gp</Filter>
    </ClCompile>
    <ClCompile Include="src\limix\gp\gp_opt.cpp">
      <Filter>src\limix\gp</Filter>
    </ClCompile>
    <ClCompile Include="src\limix\gp\gp_Sum.cpp">
      <Filter>src\limix\gp</Filter>
    </ClCompile>
    <ClCompile Include="src\limix\likelihood\likelihood.cpp">
      <Filter>src\limix\likelihood</Filter>
    </ClCompile>
    <ClCompile Include="src\limix\io\dataframe.cpp">
      <Filter>src\limix\io</Filter>
    </ClCompile>
    <ClCompile Include="src\limix\io\genotype.cpp">
      <Filter>src\limix\io</Filter>
    </ClCompile>
    <ClCompile Include="src\limix\io\split.cpp">
      <Filter>src\limix\io</Filter>
    </ClCompile>
    <ClCompile Include="src\testing\covar_tests.cpp">
      <Filter>src\testing</Filter>
    </ClCompile>
    <ClCompile Include="src\testing\gp_testing.cpp">
      <Filter>src\testing</Filter>
    </ClCompile>
    <ClCompile Include="src\testing\gp_testing_opt.cpp">
      <Filter>src\testing</Filter>
    </ClCompile>
    <ClCompile Include="src\testing\gplvm_testing.cpp">
      <Filter>src\testing</Filter>
    </ClCompile>
    <ClCompile Include="src\testing\io_testing.cpp">
      <Filter>src\testing</Filter>
    </ClCompile>
    <ClCompile Include="src\testing\kronecker_lmm_testing.cpp">
      <Filter>src\testing</Filter>
    </ClCompile>
    <ClCompile Include="src\testing\kronecker_testing.cpp">
      <Filter>src\testing</Filter>
    </ClCompile>
    <ClCompile Include="src\testing\lasso_testing.cpp">
      <Filter>src\testing</Filter>
    </ClCompile>
    <ClCompile Include="src\testing\lmm_testing.cpp">
      <Filter>src\testing</Filter>
    </ClCompile>
    <ClCompile Include="src\testing\vqtl_testing.cpp">
      <Filter>src\testing</Filter>
    </ClCompile>
    <ClCompile Include="src\limix\LMM\kronecker_lmm_old.cpp">
      <Filter>src\limix\LMM</Filter>
    </ClCompile>
    <ClCompile Include="src\limix\io\plink\CPlinkBedFile.cpp">
      <Filter>src\limix\io\plink</Filter>
    </ClCompile>
    <ClCompile Include="src\limix\io\plink\CPlinkFile.cpp">
      <Filter>src\limix\io\plink</Filter>
    </ClCompile>
    <ClCompile Include="src\limix\io\plink\CPlinkMapFile.cpp">
      <Filter>src\limix\io\plink</Filter>
    </ClCompile>
    <ClCompile Include="src\limix\io\plink\CCovariatesData.cpp">
      <Filter>src\limix\io\plink</Filter>
    </ClCompile>
    <ClCompile Include="src\limix\io\plink\CPlinkAlternatePhenotypeFile.cpp">
      <Filter>src\limix\io\plink</Filter>
    </ClCompile>
    <ClCompile Include="src\limix\io\plink\CPlinkDatFile.cpp">
      <Filter>src\limix\io\plink</Filter>
    </ClCompile>
    <ClCompile Include="src\limix\io\plink\CPlinkLexer.cpp">
      <Filter>src\limix\io\plink</Filter>
    </ClCompile>
    <ClCompile Include="src\limix\io\plink\CPhenData.cpp">
      <Filter>src\limix\io\plink</Filter>
    </ClCompile>
    <ClCompile Include="src\limix\io\plink\CLexer.cpp">
      <Filter>src\limix\io\plink</Filter>
    </ClCompile>
    <ClCompile Include="src\limix\io\plink\CKernelData.cpp">
      <Filter>src\limix\io\plink</Filter>
    </ClCompile>
    <ClCompile Include="src\limix\io\plink\TsvLexer.cpp">
      <Filter>src\limix\io\plink</Filter>
    </ClCompile>
    <ClCompile Include="src\limix\io\plink\Utils.cpp">
      <Filter>src\limix\io\plink</Filter>
    </ClCompile>
    <ClCompile Include="src\limix\io\plink\CSnpFilterOptions.cpp">
      <Filter>src\limix\io\plink</Filter>
    </ClCompile>
  </ItemGroup>
  <ItemGroup>
    <ClInclude Include="src\limix\mean\ADataTerm.h">
      <Filter>src\limix\mean</Filter>
    </ClInclude>
    <ClInclude Include="src\limix\mean\CData.h">
      <Filter>src\limix\mean</Filter>
    </ClInclude>
    <ClInclude Include="src\limix\mean\CSumLinear.h">
      <Filter>src\limix\mean</Filter>
    </ClInclude>
    <ClInclude Include="src\limix\mean\CLinearMean.h">
      <Filter>src\limix\mean</Filter>
    </ClInclude>
    <ClInclude Include="src\limix\covar\combinators.h">
      <Filter>src\limix\covar</Filter>
    </ClInclude>
    <ClInclude Include="src\limix\covar\covariance.h">
      <Filter>src\limix\covar</Filter>
    </ClInclude>
    <ClInclude Include="src\limix\covar\dist.h">
      <Filter>src\limix\covar</Filter>
    </ClInclude>
    <ClInclude Include="src\limix\covar\freeform.h">
      <Filter>src\limix\covar</Filter>
    </ClInclude>
    <ClInclude Include="src\limix\covar\linear.h">
      <Filter>src\limix\covar</Filter>
    </ClInclude>
    <ClInclude Include="src\limix\covar\se.h">
      <Filter>src\limix\covar</Filter>
    </ClInclude>
    <ClInclude Include="src\limix\lmm\CGPLMM.h">
      <Filter>src\limix\LMM</Filter>
    </ClInclude>
    <ClInclude Include="src\limix\lmm\kronecker_lmm.h">
      <Filter>src\limix\LMM</Filter>
    </ClInclude>
    <ClInclude Include="src\limix\lmm\lmm.h">
      <Filter>src\limix\LMM</Filter>
    </ClInclude>
    <ClInclude Include="src\limix\lmm\lmm_old.h">
      <Filter>src\limix\LMM</Filter>
    </ClInclude>
    <ClInclude Include="src\limix\lasso\lasso.h">
      <Filter>src\limix\lasso</Filter>
    </ClInclude>
    <ClInclude Include="src\limix\io\vcf\smithwaterman\convert.h">
      <Filter>src\limix\io\vcf</Filter>
    </ClInclude>
    <ClInclude Include="src\limix\io\vcf\convert.h">
      <Filter>src\limix\io\vcf</Filter>
    </ClInclude>
    <ClInclude Include="src\limix\io\vcf\join.h">
      <Filter>src\limix\io\vcf</Filter>
    </ClInclude>
    <ClInclude Include="src\limix\io\vcf\split.h">
      <Filter>src\limix\io\vcf</Filter>
    </ClInclude>
    <ClInclude Include="src\limix\io\vcf\Variant.h">
      <Filter>src\limix\io\vcf</Filter>
    </ClInclude>
    <ClInclude Include="src\limix\io\vcf\tabixpp\tabix.h">
      <Filter>src\limix\io\vcf\tabixpp</Filter>
    </ClInclude>
    <ClInclude Include="src\limix\io\vcf\tabixpp\tabix.hpp">
      <Filter>src\limix\io\vcf\tabixpp</Filter>
    </ClInclude>
    <ClInclude Include="src\limix\io\vcf\tabixpp\bam_endian.h">
      <Filter>src\limix\io\vcf\tabixpp</Filter>
    </ClInclude>
    <ClInclude Include="src\limix\io\vcf\tabixpp\bgzf.h">
      <Filter>src\limix\io\vcf\tabixpp</Filter>
    </ClInclude>
    <ClInclude Include="src\limix\io\vcf\tabixpp\khash.h">
      <Filter>src\limix\io\vcf\tabixpp</Filter>
    </ClInclude>
    <ClInclude Include="src\limix\io\vcf\tabixpp\knetfile.h">
      <Filter>src\limix\io\vcf\tabixpp</Filter>
    </ClInclude>
    <ClInclude Include="src\limix\io\vcf\tabixpp\kseq.h">
      <Filter>src\limix\io\vcf\tabixpp</Filter>
    </ClInclude>
    <ClInclude Include="src\limix\io\vcf\tabixpp\ksort.h">
      <Filter>src\limix\io\vcf\tabixpp</Filter>
    </ClInclude>
    <ClInclude Include="src\limix\io\vcf\tabixpp\kstring.h">
      <Filter>src\limix\io\vcf\tabixpp</Filter>
    </ClInclude>
    <ClInclude Include="src\limix\io\vcf\multichoose\multichoose.h">
      <Filter>src\limix\io\vcf\multichoose</Filter>
    </ClInclude>
    <ClInclude Include="src\limix\io\vcf\multichoose\multipermute.h">
      <Filter>src\limix\io\vcf\multichoose</Filter>
    </ClInclude>
    <ClInclude Include="src\limix\io\vcf\smithwaterman\SmithWatermanGotoh.h">
      <Filter>src\limix\io\vcf\smithwaterman</Filter>
    </ClInclude>
    <ClInclude Include="src\limix\io\vcf\smithwaterman\BandedSmithWaterman.h">
      <Filter>src\limix\io\vcf\smithwaterman</Filter>
    </ClInclude>
    <ClInclude Include="src\limix\io\vcf\smithwaterman\disorder.h">
      <Filter>src\limix\io\vcf\smithwaterman</Filter>
    </ClInclude>
    <ClInclude Include="src\limix\io\vcf\smithwaterman\IndelAllele.h">
      <Filter>src\limix\io\vcf\smithwaterman</Filter>
    </ClInclude>
    <ClInclude Include="src\limix\io\vcf\smithwaterman\LeftAlign.h">
      <Filter>src\limix\io\vcf\smithwaterman</Filter>
    </ClInclude>
    <ClInclude Include="src\limix\io\vcf\smithwaterman\Mosaik.h">
      <Filter>src\limix\io\vcf\smithwaterman</Filter>
    </ClInclude>
    <ClInclude Include="src\limix\io\vcf\smithwaterman\Repeats.h">
      <Filter>src\limix\io\vcf\smithwaterman</Filter>
    </ClInclude>
    <ClInclude Include="src\limix\utils\beta.h">
      <Filter>src\limix\utils</Filter>
    </ClInclude>
    <ClInclude Include="src\limix\utils\brentc.h">
      <Filter>src\limix\utils</Filter>
    </ClInclude>
    <ClInclude Include="src\limix\utils\fisherf.h">
      <Filter>src\limix\utils</Filter>
    </ClInclude>
    <ClInclude Include="src\limix\utils\gamma.h">
      <Filter>src\limix\utils</Filter>
    </ClInclude>
    <ClInclude Include="src\limix\utils\logging.h">
      <Filter>src\limix\utils</Filter>
    </ClInclude>
    <ClInclude Include="src\limix\utils\mathfunctions.h">
      <Filter>src\limix\utils</Filter>
    </ClInclude>
    <ClInclude Include="src\limix\utils\matrix_helper.h">
      <Filter>src\limix\utils</Filter>
    </ClInclude>
    <ClInclude Include="src\limix\modules\CVqtl.h">
      <Filter>src\limix\modules</Filter>
    </ClInclude>
    <ClInclude Include="src\limix\modules\CVarianceDecomposition.h">
      <Filter>src\limix\modules</Filter>
    </ClInclude>
    <ClInclude Include="src\limix\gp\gp_kronecker.h">
      <Filter>src\limix\gp</Filter>
    </ClInclude>
    <ClInclude Include="src\limix\gp\gp_kronSum.h">
      <Filter>src\limix\gp</Filter>
    </ClInclude>
    <ClInclude Include="src\limix\gp\gp_opt.h">
      <Filter>src\limix\gp</Filter>
    </ClInclude>
    <ClInclude Include="src\limix\gp\gp_Sum.h">
      <Filter>src\limix\gp</Filter>
    </ClInclude>
    <ClInclude Include="src\limix\likelihood\likelihood.h">
      <Filter>src\limix\likelihood</Filter>
    </ClInclude>
    <ClInclude Include="src\limix\io\dataframe.h">
      <Filter>src\limix\io</Filter>
    </ClInclude>
    <ClInclude Include="src\limix\io\genotype.h">
      <Filter>src\limix\io</Filter>
    </ClInclude>
    <ClInclude Include="src\limix\io\gzstream.h">
      <Filter>src\limix\io</Filter>
    </ClInclude>
    <ClInclude Include="src\limix\io\split.h">
      <Filter>src\limix\io</Filter>
    </ClInclude>
    <ClInclude Include="src\limix\mean\CKroneckerMean.h">
      <Filter>src\limix\mean</Filter>
    </ClInclude>
    <ClInclude Include="src\limix\types.h">
      <Filter>src\limix</Filter>
    </ClInclude>
    <ClInclude Include="src\limix\LMM\kronecker_lmm_old.h">
      <Filter>src\limix\LMM</Filter>
    </ClInclude>
    <ClInclude Include="src\limix\gp\gp_base.h">
      <Filter>src\limix\gp</Filter>
    </ClInclude>
    <ClInclude Include="src\limix\io\plink\CPlinkBedFile.h">
      <Filter>src\limix\io\plink</Filter>
    </ClInclude>
    <ClInclude Include="src\limix\io\plink\CPlinkFile.h">
      <Filter>src\limix\io\plink</Filter>
    </ClInclude>
    <ClInclude Include="src\limix\io\plink\CPlinkMapFile.h">
      <Filter>src\limix\io\plink</Filter>
    </ClInclude>
    <ClInclude Include="src\limix\io\plink\CCovariatesData.h">
      <Filter>src\limix\io\plink</Filter>
    </ClInclude>
    <ClInclude Include="src\limix\io\plink\Cplink.h">
      <Filter>src\limix\io\plink</Filter>
    </ClInclude>
    <ClInclude Include="src\limix\io\plink\CPlinkAlternatePhenotypeFile.h">
      <Filter>src\limix\io\plink</Filter>
    </ClInclude>
    <ClInclude Include="src\limix\io\plink\CPlinkDatFile.h">
      <Filter>src\limix\io\plink</Filter>
    </ClInclude>
    <ClInclude Include="src\limix\io\plink\CPlinkLexer.h">
      <Filter>src\limix\io\plink</Filter>
    </ClInclude>
    <ClInclude Include="src\limix\io\plink\CPhenData.h">
      <Filter>src\limix\io\plink</Filter>
    </ClInclude>
    <ClInclude Include="src\limix\io\plink\CLexer.h">
      <Filter>src\limix\io\plink</Filter>
    </ClInclude>
    <ClInclude Include="src\limix\io\plink\CKernelData.h">
      <Filter>src\limix\io\plink</Filter>
    </ClInclude>
    <ClInclude Include="src\limix\io\plink\TsvLexer.h">
      <Filter>src\limix\io\plink</Filter>
    </ClInclude>
    <ClInclude Include="src\limix\io\plink\Utils.h">
      <Filter>src\limix\io\plink</Filter>
    </ClInclude>
    <ClInclude Include="src\limix\io\plink\CSnpInfo.h">
      <Filter>src\limix\io\plink</Filter>
    </ClInclude>
    <ClInclude Include="src\limix\io\plink\CSnpFilterOptions.h">
      <Filter>src\limix\io\plink</Filter>
    </ClInclude>
  </ItemGroup>
  <ItemGroup>
    <ResourceCompile Include="LIMIX.rc">
      <Filter>Resource Files</Filter>
    </ResourceCompile>
  </ItemGroup>
  <ItemGroup>
    <None Include="site_scons\ACGenerateFile.py">
      <Filter>site_scons</Filter>
    </None>
    <None Include="site_scons\site_tools\doxygen\__init__.py">
      <Filter>site_scons\site_tools\doxygen</Filter>
    </None>
    <None Include="src\interfaces\types.i">
      <Filter>src\interfaces</Filter>
    </None>
    <None Include="src\interfaces\README">
      <Filter>src\interfaces</Filter>
    </None>
    <None Include="src\interfaces\modules.i">
      <Filter>src\interfaces</Filter>
    </None>
    <None Include="src\interfaces\mean.i">
      <Filter>src\interfaces</Filter>
    </None>
    <None Include="src\interfaces\lmm.i">
      <Filter>src\interfaces</Filter>
    </None>
    <None Include="src\interfaces\lik.i">
      <Filter>src\interfaces</Filter>
    </None>
    <None Include="src\interfaces\io.i">
      <Filter>src\interfaces</Filter>
    </None>
    <None Include="src\interfaces\gp.i">
      <Filter>src\interfaces</Filter>
    </None>
    <None Include="src\interfaces\doxy2swig.py">
      <Filter>src\interfaces</Filter>
    </None>
    <None Include="src\interfaces\covar.i">
      <Filter>src\interfaces</Filter>
    </None>
    <None Include="src\interfaces\python\SConscript">
      <Filter>src\interfaces\python</Filter>
    </None>
    <None Include="src\interfaces\python\numpy.i">
      <Filter>src\interfaces\python</Filter>
    </None>
    <None Include="src\interfaces\python\limix.i">
      <Filter>src\interfaces\python</Filter>
    </None>
    <None Include="src\interfaces\python\eigen.i">
      <Filter>src\interfaces\python</Filter>
    </None>
    <None Include="src\interfaces\python\limix\__init__.py">
      <Filter>src\interfaces\python\limix</Filter>
    </None>
    <None Include="src\interfaces\python\limix\utils\util.py">
      <Filter>src\interfaces\python\limix\utils</Filter>
    </None>
    <None Include="src\interfaces\python\limix\utils\preprocess.py">
      <Filter>src\interfaces\python\limix\utils</Filter>
    </None>
    <None Include="src\interfaces\python\limix\utils\fdr.py">
      <Filter>src\interfaces\python\limix\utils</Filter>
    </None>
    <None Include="src\interfaces\python\limix\utils\fastlmm.py">
      <Filter>src\interfaces\python\limix\utils</Filter>
    </None>
    <None Include="src\interfaces\python\limix\utils\__init__.py">
      <Filter>src\interfaces\python\limix\utils</Filter>
    </None>
    <None Include="src\interfaces\python\limix\modules\varianceDecomposition.py">
      <Filter>src\interfaces\python\limix\modules</Filter>
    </None>
    <None Include="src\interfaces\python\limix\modules\qtl.py">
      <Filter>src\interfaces\python\limix\modules</Filter>
    </None>
    <None Include="src\interfaces\python\limix\modules\multiTraitQTL.py">
      <Filter>src\interfaces\python\limix\modules</Filter>
    </None>
    <None Include="src\interfaces\python\limix\modules\FastVDMM.py">
      <Filter>src\interfaces\python\limix\modules</Filter>
    </None>
    <None Include="src\interfaces\python\limix\modules\__init__.py">
      <Filter>src\interfaces\python\limix\modules</Filter>
    </None>
    <None Include="src\limix\SConscript">
      <Filter>src\limix</Filter>
    </None>
    <None Include="SConstruct" />
    <None Include="python\testing\test_lmm.py">
      <Filter>python\testing</Filter>
    </None>
    <None Include="python\testing\profiling.sh">
      <Filter>python\testing</Filter>
    </None>
    <None Include="python\testing\multitrait.py">
      <Filter>python\testing</Filter>
    </None>
    <None Include="python\testing\kronecker_test.py">
      <Filter>python\testing</Filter>
    </None>
    <None Include="python\testing\kronecker_lmm_test.py">
      <Filter>python\testing</Filter>
    </None>
    <None Include="python\testing\gplvm_test.py">
      <Filter>python\testing</Filter>
    </None>
    <None Include="python\testing\gp_test.py">
      <Filter>python\testing</Filter>
    </None>
    <None Include="python\testing\covariance_test.py">
      <Filter>python\testing</Filter>
    </None>
    <None Include="python\testing\bounds_test.py">
      <Filter>python\testing</Filter>
    </None>
    <None Include="python\testing\data\demo.h5py">
      <Filter>python\testing\data</Filter>
    </None>
    <None Include="python\demo\varianceDecomposition.py">
      <Filter>python\demo</Filter>
    </None>
    <None Include="python\demo\multiTraitDemo.py">
      <Filter>python\demo</Filter>
    </None>
    <None Include="python\demo\gpKronSum.py">
      <Filter>python\demo</Filter>
    </None>
    <None Include="python\demo\gp_regression_demo.py">
      <Filter>python\demo</Filter>
    </None>
    <None Include="python\demo\data\realdata.h5py">
      <Filter>python\demo\data</Filter>
    </None>
    <None Include="python\demo\data\demo.h5py">
      <Filter>python\demo\data</Filter>
    </None>
    <None Include="python\gp\kronecker_gplvm.py">
      <Filter>python\gp</Filter>
    </None>
    <None Include="python\gp\__init__.py">
      <Filter>python\gp</Filter>
    </None>
  </ItemGroup>
</Project>