
Microsoft Visual Studio Solution File, Format Version 12.00
# Visual Studio 2013
VisualStudioVersion = 12.0.21005.1
MinimumVisualStudioVersion = 10.0.40219.1
Project("{8BC9CEB8-8B4A-11D0-8D11-00A0C91BC942}") = "LIMIX", "LIMIX.vcxproj", "{8B7D0401-46D3-4CF8-827D-AB969C044FF7}"
EndProject
Project("{888888A0-9F3D-457C-B088-3A5042F75D52}") = "testing", "python\testing\testing.pyproj", "{A6C792D0-050C-494B-8B93-C01C0C2E9C45}"
EndProject
Project("{888888A0-9F3D-457C-B088-3A5042F75D52}") = "python_modules", "src\interfaces\python\limix\python_modules.pyproj", "{C562839D-E28A-403C-8331-4024A1B467EF}"
EndProject
Project("{888888A0-9F3D-457C-B088-3A5042F75D52}") = "bin", "src\interfaces\python\bin\bin.pyproj", "{4EA724CD-C5DF-4187-86A8-7F3889D6DB27}"
EndProject
Global
	GlobalSection(SolutionConfigurationPlatforms) = preSolution
		Debug Python|Any CPU = Debug Python|Any CPU
		Debug Python|Mixed Platforms = Debug Python|Mixed Platforms
		Debug Python|Win32 = Debug Python|Win32
		Debug|Any CPU = Debug|Any CPU
		Debug|Mixed Platforms = Debug|Mixed Platforms
		Debug|Win32 = Debug|Win32
		Release|Any CPU = Release|Any CPU
		Release|Mixed Platforms = Release|Mixed Platforms
		Release|Win32 = Release|Win32
	EndGlobalSection
	GlobalSection(ProjectConfigurationPlatforms) = postSolution
		{8B7D0401-46D3-4CF8-827D-AB969C044FF7}.Debug Python|Any CPU.ActiveCfg = Debug Python|Win32
		{8B7D0401-46D3-4CF8-827D-AB969C044FF7}.Debug Python|Mixed Platforms.ActiveCfg = Debug Python|Win32
		{8B7D0401-46D3-4CF8-827D-AB969C044FF7}.Debug Python|Mixed Platforms.Build.0 = Debug Python|Win32
		{8B7D0401-46D3-4CF8-827D-AB969C044FF7}.Debug Python|Win32.ActiveCfg = Debug Python|Win32
		{8B7D0401-46D3-4CF8-827D-AB969C044FF7}.Debug Python|Win32.Build.0 = Debug Python|Win32
		{8B7D0401-46D3-4CF8-827D-AB969C044FF7}.Debug|Any CPU.ActiveCfg = Debug|Win32
		{8B7D0401-46D3-4CF8-827D-AB969C044FF7}.Debug|Mixed Platforms.ActiveCfg = Debug|Win32
		{8B7D0401-46D3-4CF8-827D-AB969C044FF7}.Debug|Mixed Platforms.Build.0 = Debug|Win32
		{8B7D0401-46D3-4CF8-827D-AB969C044FF7}.Debug|Win32.ActiveCfg = Debug|Win32
		{8B7D0401-46D3-4CF8-827D-AB969C044FF7}.Debug|Win32.Build.0 = Debug|Win32
		{8B7D0401-46D3-4CF8-827D-AB969C044FF7}.Release|Any CPU.ActiveCfg = Release|Win32
		{8B7D0401-46D3-4CF8-827D-AB969C044FF7}.Release|Mixed Platforms.ActiveCfg = Release|Win32
		{8B7D0401-46D3-4CF8-827D-AB969C044FF7}.Release|Mixed Platforms.Build.0 = Release|Win32
		{8B7D0401-46D3-4CF8-827D-AB969C044FF7}.Release|Win32.ActiveCfg = Release|Win32
		{8B7D0401-46D3-4CF8-827D-AB969C044FF7}.Release|Win32.Build.0 = Release|Win32
		{A6C792D0-050C-494B-8B93-C01C0C2E9C45}.Debug Python|Any CPU.ActiveCfg = Debug Python|Any CPU
		{A6C792D0-050C-494B-8B93-C01C0C2E9C45}.Debug Python|Any CPU.Build.0 = Debug Python|Any CPU
		{A6C792D0-050C-494B-8B93-C01C0C2E9C45}.Debug Python|Mixed Platforms.ActiveCfg = Debug Python|Any CPU
		{A6C792D0-050C-494B-8B93-C01C0C2E9C45}.Debug Python|Mixed Platforms.Build.0 = Debug Python|Any CPU
		{A6C792D0-050C-494B-8B93-C01C0C2E9C45}.Debug Python|Win32.ActiveCfg = Debug Python|Any CPU
		{A6C792D0-050C-494B-8B93-C01C0C2E9C45}.Debug|Any CPU.ActiveCfg = Debug|Any CPU
		{A6C792D0-050C-494B-8B93-C01C0C2E9C45}.Debug|Any CPU.Build.0 = Debug|Any CPU
		{A6C792D0-050C-494B-8B93-C01C0C2E9C45}.Debug|Mixed Platforms.ActiveCfg = Debug|Any CPU
		{A6C792D0-050C-494B-8B93-C01C0C2E9C45}.Debug|Mixed Platforms.Build.0 = Debug|Any CPU
		{A6C792D0-050C-494B-8B93-C01C0C2E9C45}.Debug|Win32.ActiveCfg = Debug|Any CPU
		{A6C792D0-050C-494B-8B93-C01C0C2E9C45}.Release|Any CPU.ActiveCfg = Release|Any CPU
		{A6C792D0-050C-494B-8B93-C01C0C2E9C45}.Release|Any CPU.Build.0 = Release|Any CPU
		{A6C792D0-050C-494B-8B93-C01C0C2E9C45}.Release|Mixed Platforms.ActiveCfg = Release|Any CPU
		{A6C792D0-050C-494B-8B93-C01C0C2E9C45}.Release|Mixed Platforms.Build.0 = Release|Any CPU
		{A6C792D0-050C-494B-8B93-C01C0C2E9C45}.Release|Win32.ActiveCfg = Release|Any CPU
		{C562839D-E28A-403C-8331-4024A1B467EF}.Debug Python|Any CPU.ActiveCfg = Debug|Any CPU
		{C562839D-E28A-403C-8331-4024A1B467EF}.Debug Python|Mixed Platforms.ActiveCfg = Debug|Any CPU
		{C562839D-E28A-403C-8331-4024A1B467EF}.Debug Python|Win32.ActiveCfg = Debug|Any CPU
		{C562839D-E28A-403C-8331-4024A1B467EF}.Debug|Any CPU.ActiveCfg = Debug|Any CPU
		{C562839D-E28A-403C-8331-4024A1B467EF}.Debug|Mixed Platforms.ActiveCfg = Debug|Any CPU
		{C562839D-E28A-403C-8331-4024A1B467EF}.Debug|Win32.ActiveCfg = Debug|Any CPU
		{C562839D-E28A-403C-8331-4024A1B467EF}.Release|Any CPU.ActiveCfg = Release|Any CPU
		{C562839D-E28A-403C-8331-4024A1B467EF}.Release|Mixed Platforms.ActiveCfg = Release|Any CPU
		{C562839D-E28A-403C-8331-4024A1B467EF}.Release|Win32.ActiveCfg = Release|Any CPU
		{4EA724CD-C5DF-4187-86A8-7F3889D6DB27}.Debug Python|Any CPU.ActiveCfg = Debug|Any CPU
		{4EA724CD-C5DF-4187-86A8-7F3889D6DB27}.Debug Python|Mixed Platforms.ActiveCfg = Debug|Any CPU
		{4EA724CD-C5DF-4187-86A8-7F3889D6DB27}.Debug Python|Win32.ActiveCfg = Debug|Any CPU
		{4EA724CD-C5DF-4187-86A8-7F3889D6DB27}.Debug|Any CPU.ActiveCfg = Debug|Any CPU
		{4EA724CD-C5DF-4187-86A8-7F3889D6DB27}.Debug|Mixed Platforms.ActiveCfg = Debug|Any CPU
		{4EA724CD-C5DF-4187-86A8-7F3889D6DB27}.Debug|Win32.ActiveCfg = Debug|Any CPU
		{4EA724CD-C5DF-4187-86A8-7F3889D6DB27}.Release|Any CPU.ActiveCfg = Release|Any CPU
		{4EA724CD-C5DF-4187-86A8-7F3889D6DB27}.Release|Mixed Platforms.ActiveCfg = Release|Any CPU
		{4EA724CD-C5DF-4187-86A8-7F3889D6DB27}.Release|Win32.ActiveCfg = Release|Any CPU
	EndGlobalSection
	GlobalSection(SolutionProperties) = preSolution
		HideSolutionNode = FALSE
	EndGlobalSection
EndGlobal
