<?xml version="1.0" encoding="utf-8"?>
<Project ToolsVersion="4.0" xmlns="http://schemas.microsoft.com/developer/msbuild/2003">
  <ItemGroup>
    <ClCompile Include="limixPYTHON_wrap.cxx">
      <Filter>Source Files</Filter>
    </ClCompile>
  </ItemGroup>
  <ItemGroup>
    <CustomBuild Include="..\..\..\..\src\interfaces\python\CMakeLists.txt" />
    <CustomBuild Include="..\..\..\..\src\interfaces\python\limix.i" />
  </ItemGroup>
  <ItemGroup>
    <None Include="limix.py" />
  </ItemGroup>
  <ItemGroup>
    <Filter Include="Source Files">
      <UniqueIdentifier>{BDEE314F-F95C-4DFA-9E3A-4016BAEAA755}</UniqueIdentifier>
    </Filter>
  </ItemGroup>
</Project>
