
Microsoft Visual Studio Solution File, Format Version 12.00
# Visual Studio 2013
VisualStudioVersion = 12.0.21005.1
MinimumVisualStudioVersion = 10.0.40219.1
Project("{888888A0-9F3D-457C-B088-3A5042F75D52}") = "association", "association.pyproj", "{8C0C9815-BEE5-4684-8E7C-378FEB61E847}"
EndProject
Project("{888888A0-9F3D-457C-B088-3A5042F75D52}") = "covar", "core\covar\covar.pyproj", "{2FBD6CFD-DA5B-4B48-8F90-3627B49E3B91}"
EndProject
Project("{888888A0-9F3D-457C-B088-3A5042F75D52}") = "gp", "core\gp\gp.pyproj", "{1128902C-E537-428A-8AD1-2AC17CC59C43}"
EndProject
Project("{888888A0-9F3D-457C-B088-3A5042F75D52}") = "likelihood", "core\likelihood\likelihood.pyproj", "{EF777210-EE0B-454D-A29F-7268B95FA930}"
EndProject
Project("{888888A0-9F3D-457C-B088-3A5042F75D52}") = "linalg", "core\linalg\linalg.pyproj", "{5B506D43-A8A0-4183-BD1C-1E00517095C8}"
EndProject
Project("{888888A0-9F3D-457C-B088-3A5042F75D52}") = "mean", "core\mean\mean.pyproj", "{9C3BA6DC-6297-4895-A674-7B4C4045938E}"
EndProject
Project("{888888A0-9F3D-457C-B088-3A5042F75D52}") = "optimize", "core\optimize\optimize.pyproj", "{CB350518-E24A-4647-9D39-00DFB392A1AA}"
EndProject
Project("{888888A0-9F3D-457C-B088-3A5042F75D52}") = "tests", "core\tests\tests.pyproj", "{3C990E04-9F15-4AEB-9CE0-CE56452DA73F}"
EndProject
Project("{888888A0-9F3D-457C-B088-3A5042F75D52}") = "modules", "modules\modules.pyproj", "{ECF1C741-D697-4C2A-B04A-CD3661FB2206}"
EndProject
Project("{888888A0-9F3D-457C-B088-3A5042F75D52}") = "utils", "utils\utils.pyproj", "{2D1D829E-CAFF-45E0-9789-A54DBCCAC8A5}"
EndProject
Global
	GlobalSection(SolutionConfigurationPlatforms) = preSolution
		Debug|Any CPU = Debug|Any CPU
		Release|Any CPU = Release|Any CPU
	EndGlobalSection
	GlobalSection(ProjectConfigurationPlatforms) = postSolution
		{8C0C9815-BEE5-4684-8E7C-378FEB61E847}.Debug|Any CPU.ActiveCfg = Debug|Any CPU
		{8C0C9815-BEE5-4684-8E7C-378FEB61E847}.Release|Any CPU.ActiveCfg = Release|Any CPU
		{2FBD6CFD-DA5B-4B48-8F90-3627B49E3B91}.Debug|Any CPU.ActiveCfg = Debug|Any CPU
		{2FBD6CFD-DA5B-4B48-8F90-3627B49E3B91}.Release|Any CPU.ActiveCfg = Release|Any CPU
		{1128902C-E537-428A-8AD1-2AC17CC59C43}.Debug|Any CPU.ActiveCfg = Debug|Any CPU
		{1128902C-E537-428A-8AD1-2AC17CC59C43}.Release|Any CPU.ActiveCfg = Release|Any CPU
		{EF777210-EE0B-454D-A29F-7268B95FA930}.Debug|Any CPU.ActiveCfg = Debug|Any CPU
		{EF777210-EE0B-454D-A29F-7268B95FA930}.Release|Any CPU.ActiveCfg = Release|Any CPU
		{5B506D43-A8A0-4183-BD1C-1E00517095C8}.Debug|Any CPU.ActiveCfg = Debug|Any CPU
		{5B506D43-A8A0-4183-BD1C-1E00517095C8}.Release|Any CPU.ActiveCfg = Release|Any CPU
		{9C3BA6DC-6297-4895-A674-7B4C4045938E}.Debug|Any CPU.ActiveCfg = Debug|Any CPU
		{9C3BA6DC-6297-4895-A674-7B4C4045938E}.Release|Any CPU.ActiveCfg = Release|Any CPU
		{CB350518-E24A-4647-9D39-00DFB392A1AA}.Debug|Any CPU.ActiveCfg = Debug|Any CPU
		{CB350518-E24A-4647-9D39-00DFB392A1AA}.Release|Any CPU.ActiveCfg = Release|Any CPU
		{3C990E04-9F15-4AEB-9CE0-CE56452DA73F}.Debug|Any CPU.ActiveCfg = Debug|Any CPU
		{3C990E04-9F15-4AEB-9CE0-CE56452DA73F}.Release|Any CPU.ActiveCfg = Release|Any CPU
		{ECF1C741-D697-4C2A-B04A-CD3661FB2206}.Debug|Any CPU.ActiveCfg = Debug|Any CPU
		{ECF1C741-D697-4C2A-B04A-CD3661FB2206}.Release|Any CPU.ActiveCfg = Release|Any CPU
		{2D1D829E-CAFF-45E0-9789-A54DBCCAC8A5}.Debug|Any CPU.ActiveCfg = Debug|Any CPU
		{2D1D829E-CAFF-45E0-9789-A54DBCCAC8A5}.Release|Any CPU.ActiveCfg = Release|Any CPU
	EndGlobalSection
	GlobalSection(SolutionProperties) = preSolution
		HideSolutionNode = FALSE
	EndGlobalSection
EndGlobal
