<?xml version="1.0" encoding="utf-8"?>
<Project ToolsVersion="4.0" xmlns="http://schemas.microsoft.com/developer/msbuild/2003">
  <ItemGroup>
    <Filter Include="Source Files">
      <UniqueIdentifier>{4FC737F1-C7A5-4376-A066-2A32D752A2FF}</UniqueIdentifier>
      <Extensions>cpp;c;cc;cxx;def;odl;idl;hpj;bat;asm;asmx</Extensions>
    </Filter>
    <Filter Include="Header Files">
      <UniqueIdentifier>{93995380-89BD-4b04-88EB-625FBE52EBFB}</UniqueIdentifier>
      <Extensions>h;hpp;hxx;hm;inl;inc;xsd</Extensions>
    </Filter>
    <Filter Include="Resource Files">
      <UniqueIdentifier>{67DA6AB6-F800-4c08-8B7A-83BB121AAD01}</UniqueIdentifier>
      <Extensions>rc;ico;cur;bmp;dlg;rc2;rct;bin;rgs;gif;jpg;jpeg;jpe;resx;tiff;tif;png;wav</Extensions>
    </Filter>
  </ItemGroup>
  <ItemGroup>
    <ClCompile Include="gpmix\covar\covariance.cpp">
      <Filter>Source Files</Filter>
    </ClCompile>
    <ClCompile Include="gpmix\covar\dist.cpp">
      <Filter>Source Files</Filter>
    </ClCompile>
    <ClCompile Include="gpmix\covar\fixed.cpp">
      <Filter>Source Files</Filter>
    </ClCompile>
    <ClCompile Include="gpmix\covar\linear.cpp">
      <Filter>Source Files</Filter>
    </ClCompile>
    <ClCompile Include="gpmix\covar\se.cpp">
      <Filter>Source Files</Filter>
    </ClCompile>
    <ClCompile Include="gpmix\gp\gp_base.cpp">
      <Filter>Source Files</Filter>
    </ClCompile>
    <ClCompile Include="gpmix\likelihood\likelihood.cpp">
      <Filter>Source Files</Filter>
    </ClCompile>
    <ClCompile Include="gpmix\matrix\matrix_helper.cpp">
      <Filter>Source Files</Filter>
    </ClCompile>
    <ClCompile Include="testing\GPmix.cpp">
      <Filter>Source Files</Filter>
    </ClCompile>
  </ItemGroup>
  <ItemGroup>
    <ClInclude Include="gpmix\types.h">
      <Filter>Header Files</Filter>
    </ClInclude>
    <ClInclude Include="gpmix\covar\covariance.h">
      <Filter>Header Files</Filter>
    </ClInclude>
    <ClInclude Include="gpmix\covar\dist.h">
      <Filter>Header Files</Filter>
    </ClInclude>
    <ClInclude Include="gpmix\covar\fixed.h">
      <Filter>Header Files</Filter>
    </ClInclude>
    <ClInclude Include="gpmix\covar\linear.h">
      <Filter>Header Files</Filter>
    </ClInclude>
    <ClInclude Include="gpmix\covar\se.h">
      <Filter>Header Files</Filter>
    </ClInclude>
    <ClInclude Include="gpmix\gp\gp_base.h">
      <Filter>Header Files</Filter>
    </ClInclude>
    <ClInclude Include="gpmix\likelihood\likelihood.h">
      <Filter>Header Files</Filter>
    </ClInclude>
    <ClInclude Include="gpmix\matrix\matrix_helper.h">
      <Filter>Header Files</Filter>
    </ClInclude>
  </ItemGroup>
</Project>